
Microsoft Visual Studio Solution File, Format Version 12.00
# Visual Studio Version 17
VisualStudioVersion = 17.0.32112.339
MinimumVisualStudioVersion = 10.0.40219.1
Project("{FAE04EC0-301F-11D3-BF4B-00C04F79EFBC}") = "WindowsFormsApp1", "WindowsFormsApp1\WindowsFormsApp1.csproj", "{5DFC0397-8E32-42F4-AC98-9033B6185BA2}"
EndProject
Global
	GlobalSection(SolutionConfigurationPlatforms) = preSolution
		Debug|Any CPU = Debug|Any CPU
		Release|Any CPU = Release|Any CPU
	EndGlobalSection
	GlobalSection(ProjectConfigurationPlatforms) = postSolution
		{5DFC0397-8E32-42F4-AC98-9033B6185BA2}.Debug|Any CPU.ActiveCfg = Debug|Any CPU
		{5DFC0397-8E32-42F4-AC98-9033B6185BA2}.Debug|Any CPU.Build.0 = Debug|Any CPU
		{5DFC0397-8E32-42F4-AC98-9033B6185BA2}.Release|Any CPU.ActiveCfg = Release|Any CPU
		{5DFC0397-8E32-42F4-AC98-9033B6185BA2}.Release|Any CPU.Build.0 = Release|Any CPU
	EndGlobalSection
	GlobalSection(SolutionProperties) = preSolution
		HideSolutionNode = FALSE
	EndGlobalSection
	GlobalSection(ExtensibilityGlobals) = postSolution
		SolutionGuid = {88D2222B-7354-425E-BDD3-7CC12D9666DE}
	EndGlobalSection
EndGlobal
